// !$*UTF8*$!
{
	archiveVersion = 1;
	classes = {};
	objectVersion = 56;
	objects = {

/* Begin PBXBuildFile section */
		100000000000000000000001 /* HealthBridgeApp.swift in Sources */ = {isa = PBXBuildFile; fileRef = 200000000000000000000001 /* HealthBridgeApp.swift */; };
		100000000000000000000002 /* ContentView.swift in Sources */ = {isa = PBXBuildFile; fileRef = 200000000000000000000002 /* ContentView.swift */; };
		100000000000000000000003 /* HealthBridgeViewModel.swift in Sources */ = {isa = PBXBuildFile; fileRef = 200000000000000000000003 /* HealthBridgeViewModel.swift */; };
		100000000000000000000004 /* AppConfiguration.swift in Sources */ = {isa = PBXBuildFile; fileRef = 200000000000000000000004 /* AppConfiguration.swift */; };
		100000000000000000000005 /* CredentialStore.swift in Sources */ = {isa = PBXBuildFile; fileRef = 200000000000000000000005 /* CredentialStore.swift */; };
		100000000000000000000006 /* HealthKitService.swift in Sources */ = {isa = PBXBuildFile; fileRef = 200000000000000000000006 /* HealthKitService.swift */; };
		100000000000000000000007 /* HealthSyncClient.swift in Sources */ = {isa = PBXBuildFile; fileRef = 200000000000000000000007 /* HealthSyncClient.swift */; };
		100000000000000000000008 /* HealthSyncModels.swift in Sources */ = {isa = PBXBuildFile; fileRef = 200000000000000000000008 /* HealthSyncModels.swift */; };
		100000000000000000000009 /* HealthKit.framework in Frameworks */ = {isa = PBXBuildFile; fileRef = 20000000000000000000000B /* HealthKit.framework */; };
		10000000000000000000000A /* AuthenticationServices.framework in Frameworks */ = {isa = PBXBuildFile; fileRef = 20000000000000000000000C /* AuthenticationServices.framework */; };
		10000000000000000000000B /* Security.framework in Frameworks */ = {isa = PBXBuildFile; fileRef = 20000000000000000000000D /* Security.framework */; };
/* End PBXBuildFile section */

/* Begin PBXFileReference section */
		200000000000000000000001 /* HealthBridgeApp.swift */ = {isa = PBXFileReference; lastKnownFileType = sourcecode.swift; path = HealthBridgeApp.swift; sourceTree = "<group>"; };
		200000000000000000000002 /* ContentView.swift */ = {isa = PBXFileReference; lastKnownFileType = sourcecode.swift; path = ContentView.swift; sourceTree = "<group>"; };
		200000000000000000000003 /* HealthBridgeViewModel.swift */ = {isa = PBXFileReference; lastKnownFileType = sourcecode.swift; path = HealthBridgeViewModel.swift; sourceTree = "<group>"; };
		200000000000000000000004 /* AppConfiguration.swift */ = {isa = PBXFileReference; lastKnownFileType = sourcecode.swift; path = AppConfiguration.swift; sourceTree = "<group>"; };
		200000000000000000000005 /* CredentialStore.swift */ = {isa = PBXFileReference; lastKnownFileType = sourcecode.swift; path = CredentialStore.swift; sourceTree = "<group>"; };
		200000000000000000000006 /* HealthKitService.swift */ = {isa = PBXFileReference; lastKnownFileType = sourcecode.swift; path = HealthKitService.swift; sourceTree = "<group>"; };
		200000000000000000000007 /* HealthSyncClient.swift */ = {isa = PBXFileReference; lastKnownFileType = sourcecode.swift; path = HealthSyncClient.swift; sourceTree = "<group>"; };
		200000000000000000000008 /* HealthSyncModels.swift */ = {isa = PBXFileReference; lastKnownFileType = sourcecode.swift; path = HealthSyncModels.swift; sourceTree = "<group>"; };
		200000000000000000000009 /* Info.plist */ = {isa = PBXFileReference; lastKnownFileType = text.plist.xml; path = Info.plist; sourceTree = "<group>"; };
		20000000000000000000000A /* HealthBridge.entitlements */ = {isa = PBXFileReference; lastKnownFileType = text.plist.entitlements; path = HealthBridge.entitlements; sourceTree = "<group>"; };
		20000000000000000000000B /* HealthKit.framework */ = {isa = PBXFileReference; lastKnownFileType = wrapper.framework; name = HealthKit.framework; path = System/Library/Frameworks/HealthKit.framework; sourceTree = SDKROOT; };
		20000000000000000000000C /* AuthenticationServices.framework */ = {isa = PBXFileReference; lastKnownFileType = wrapper.framework; name = AuthenticationServices.framework; path = System/Library/Frameworks/AuthenticationServices.framework; sourceTree = SDKROOT; };
		20000000000000000000000D /* Security.framework */ = {isa = PBXFileReference; lastKnownFileType = wrapper.framework; name = Security.framework; path = System/Library/Frameworks/Security.framework; sourceTree = SDKROOT; };
		20000000000000000000000E /* HealthBridge.app */ = {isa = PBXFileReference; explicitFileType = wrapper.application; includeInIndex = 0; path = HealthBridge.app; sourceTree = BUILT_PRODUCTS_DIR; };
/* End PBXFileReference section */

/* Begin PBXFrameworksBuildPhase section */
		300000000000000000000001 /* Frameworks */ = {
			isa = PBXFrameworksBuildPhase;
			buildActionMask = 2147483647;
			files = (
				100000000000000000000009 /* HealthKit.framework in Frameworks */,
				10000000000000000000000A /* AuthenticationServices.framework in Frameworks */,
				10000000000000000000000B /* Security.framework in Frameworks */,
			);
			runOnlyForDeploymentPostprocessing = 0;
		};
/* End PBXFrameworksBuildPhase section */

/* Begin PBXGroup section */
		400000000000000000000001 = {
			isa = PBXGroup;
			children = (
				400000000000000000000002 /* HealthBridge */,
				400000000000000000000003 /* Frameworks */,
				400000000000000000000004 /* Products */,
			);
			sourceTree = "<group>";
		};
		400000000000000000000002 /* HealthBridge */ = {
			isa = PBXGroup;
			children = (
				200000000000000000000001 /* HealthBridgeApp.swift */,
				200000000000000000000002 /* ContentView.swift */,
				200000000000000000000003 /* HealthBridgeViewModel.swift */,
				200000000000000000000004 /* AppConfiguration.swift */,
				200000000000000000000005 /* CredentialStore.swift */,
				200000000000000000000006 /* HealthKitService.swift */,
				200000000000000000000007 /* HealthSyncClient.swift */,
				200000000000000000000008 /* HealthSyncModels.swift */,
				200000000000000000000009 /* Info.plist */,
				20000000000000000000000A /* HealthBridge.entitlements */,
			);
			path = HealthBridge;
			sourceTree = "<group>";
		};
		400000000000000000000003 /* Frameworks */ = {
			isa = PBXGroup;
			children = (
				20000000000000000000000B /* HealthKit.framework */,
				20000000000000000000000C /* AuthenticationServices.framework */,
				20000000000000000000000D /* Security.framework */,
			);
			name = Frameworks;
			sourceTree = "<group>";
		};
		400000000000000000000004 /* Products */ = {
			isa = PBXGroup;
			children = (
				20000000000000000000000E /* HealthBridge.app */,
			);
			name = Products;
			sourceTree = "<group>";
		};
/* End PBXGroup section */

/* Begin PBXNativeTarget section */
		500000000000000000000001 /* HealthBridge */ = {
			isa = PBXNativeTarget;
			buildConfigurationList = 900000000000000000000002 /* Build configuration list for PBXNativeTarget "HealthBridge" */;
			buildPhases = (
				700000000000000000000001 /* Sources */,
				300000000000000000000001 /* Frameworks */,
				800000000000000000000001 /* Resources */,
			);
			buildRules = ();
			dependencies = ();
			name = HealthBridge;
			productName = HealthBridge;
			productReference = 20000000000000000000000E /* HealthBridge.app */;
			productType = "com.apple.product-type.application";
		};
/* End PBXNativeTarget section */

/* Begin PBXProject section */
		600000000000000000000001 /* Project object */ = {
			isa = PBXProject;
			attributes = {
				BuildIndependentTargetsInParallel = 1;
				LastSwiftUpdateCheck = 2660;
				LastUpgradeCheck = 2660;
				TargetAttributes = {
					500000000000000000000001 = { CreatedOnToolsVersion = 26.6; };
				};
			};
			buildConfigurationList = 900000000000000000000001 /* Build configuration list for PBXProject "HealthBridge" */;
			compatibilityVersion = "Xcode 14.0";
			developmentRegion = zh-Hant;
			hasScannedForEncodings = 0;
			knownRegions = (en, Base, "zh-Hant");
			mainGroup = 400000000000000000000001;
			productRefGroup = 400000000000000000000004 /* Products */;
			projectDirPath = "";
			projectRoot = "";
			targets = (500000000000000000000001 /* HealthBridge */);
		};
/* End PBXProject section */

/* Begin PBXResourcesBuildPhase section */
		800000000000000000000001 /* Resources */ = {
			isa = PBXResourcesBuildPhase;
			buildActionMask = 2147483647;
			files = ();
			runOnlyForDeploymentPostprocessing = 0;
		};
/* End PBXResourcesBuildPhase section */

/* Begin PBXSourcesBuildPhase section */
		700000000000000000000001 /* Sources */ = {
			isa = PBXSourcesBuildPhase;
			buildActionMask = 2147483647;
			files = (
				100000000000000000000001 /* HealthBridgeApp.swift in Sources */,
				100000000000000000000002 /* ContentView.swift in Sources */,
				100000000000000000000003 /* HealthBridgeViewModel.swift in Sources */,
				100000000000000000000004 /* AppConfiguration.swift in Sources */,
				100000000000000000000005 /* CredentialStore.swift in Sources */,
				100000000000000000000006 /* HealthKitService.swift in Sources */,
				100000000000000000000007 /* HealthSyncClient.swift in Sources */,
				100000000000000000000008 /* HealthSyncModels.swift in Sources */,
			);
			runOnlyForDeploymentPostprocessing = 0;
		};
/* End PBXSourcesBuildPhase section */

/* Begin XCBuildConfiguration section */
		A00000000000000000000001 /* Debug */ = {
			isa = XCBuildConfiguration;
			buildSettings = {
				ALWAYS_SEARCH_USER_PATHS = NO;
				CLANG_ENABLE_MODULES = YES;
				COPY_PHASE_STRIP = NO;
				DEBUG_INFORMATION_FORMAT = dwarf;
				ENABLE_TESTABILITY = YES;
				GCC_C_LANGUAGE_STANDARD = gnu17;
				GCC_OPTIMIZATION_LEVEL = 0;
				IPHONEOS_DEPLOYMENT_TARGET = 17.0;
				ONLY_ACTIVE_ARCH = YES;
				SDKROOT = iphoneos;
				SWIFT_ACTIVE_COMPILATION_CONDITIONS = "DEBUG $(inherited)";
				SWIFT_OPTIMIZATION_LEVEL = "-Onone";
		};
			name = Debug;
		};
		A00000000000000000000002 /* Release */ = {
			isa = XCBuildConfiguration;
			buildSettings = {
				ALWAYS_SEARCH_USER_PATHS = NO;
				CLANG_ENABLE_MODULES = YES;
				COPY_PHASE_STRIP = YES;
				DEBUG_INFORMATION_FORMAT = "dwarf-with-dsym";
				GCC_C_LANGUAGE_STANDARD = gnu17;
				IPHONEOS_DEPLOYMENT_TARGET = 17.0;
				SDKROOT = iphoneos;
				SWIFT_COMPILATION_MODE = wholemodule;
			};
			name = Release;
		};
		A00000000000000000000003 /* Debug */ = {
			isa = XCBuildConfiguration;
			buildSettings = {
				CODE_SIGN_ENTITLEMENTS = HealthBridge/HealthBridge.entitlements;
				CODE_SIGN_STYLE = Automatic;
				CURRENT_PROJECT_VERSION = 1;
				ENABLE_PREVIEWS = YES;
				GENERATE_INFOPLIST_FILE = NO;
				INFOPLIST_FILE = HealthBridge/Info.plist;
				LD_RUNPATH_SEARCH_PATHS = "$(inherited) @executable_path/Frameworks";
				MARKETING_VERSION = 1.0;
				PRODUCT_BUNDLE_IDENTIFIER = "org.pui-pui.HealthBridge";
				PRODUCT_NAME = "$(TARGET_NAME)";
				SUPPORTED_PLATFORMS = "iphoneos iphonesimulator";
				SWIFT_VERSION = 5.0;
				TARGETED_DEVICE_FAMILY = 1;
			};
			name = Debug;
		};
		A00000000000000000000004 /* Release */ = {
			isa = XCBuildConfiguration;
			buildSettings = {
				CODE_SIGN_ENTITLEMENTS = HealthBridge/HealthBridge.entitlements;
				CODE_SIGN_STYLE = Automatic;
				CURRENT_PROJECT_VERSION = 1;
				GENERATE_INFOPLIST_FILE = NO;
				INFOPLIST_FILE = HealthBridge/Info.plist;
				LD_RUNPATH_SEARCH_PATHS = "$(inherited) @executable_path/Frameworks";
				MARKETING_VERSION = 1.0;
				PRODUCT_BUNDLE_IDENTIFIER = "org.pui-pui.HealthBridge";
				PRODUCT_NAME = "$(TARGET_NAME)";
				SUPPORTED_PLATFORMS = "iphoneos iphonesimulator";
				SWIFT_VERSION = 5.0;
				TARGETED_DEVICE_FAMILY = 1;
			};
			name = Release;
		};
/* End XCBuildConfiguration section */

/* Begin XCConfigurationList section */
		900000000000000000000001 /* Build configuration list for PBXProject "HealthBridge" */ = {
			isa = XCConfigurationList;
			buildConfigurations = (A00000000000000000000001, A00000000000000000000002);
			defaultConfigurationIsVisible = 0;
			defaultConfigurationName = Release;
		};
		900000000000000000000002 /* Build configuration list for PBXNativeTarget "HealthBridge" */ = {
			isa = XCConfigurationList;
			buildConfigurations = (A00000000000000000000003, A00000000000000000000004);
			defaultConfigurationIsVisible = 0;
			defaultConfigurationName = Release;
		};
/* End XCConfigurationList section */
	};
	rootObject = 600000000000000000000001 /* Project object */;
}
